
Microsoft Visual Studio Solution File, Format Version 12.00
# Visual Studio Version 17
VisualStudioVersion = 17.11.35312.102
MinimumVisualStudioVersion = 10.0.40219.1
Project("{FAE04EC0-301F-11D3-BF4B-00C04F79EFBC}") = "Scholarly", "Scholarly.csproj", "{569DB037-D0DA-43D9-AC2B-B4A8C6337413}"
EndProject
Global
	GlobalSection(SolutionConfigurationPlatforms) = preSolution
		Debug|Any CPU = Debug|Any CPU
		Release|Any CPU = Release|Any CPU
	EndGlobalSection
	GlobalSection(ProjectConfigurationPlatforms) = postSolution
		{569DB037-D0DA-43D9-AC2B-B4A8C6337413}.Debug|Any CPU.ActiveCfg = Debug|Any CPU
		{569DB037-D0DA-43D9-AC2B-B4A8C6337413}.Debug|Any CPU.Build.0 = Debug|Any CPU
		{569DB037-D0DA-43D9-AC2B-B4A8C6337413}.Release|Any CPU.ActiveCfg = Release|Any CPU
		{569DB037-D0DA-43D9-AC2B-B4A8C6337413}.Release|Any CPU.Build.0 = Release|Any CPU
	EndGlobalSection
	GlobalSection(SolutionProperties) = preSolution
		HideSolutionNode = FALSE
	EndGlobalSection
	GlobalSection(ExtensibilityGlobals) = postSolution
		SolutionGuid = {A6D4B9C7-F42F-4D46-9516-4B79532EA80E}
	EndGlobalSection
EndGlobal
